
Microsoft Visual Studio Solution File, Format Version 12.00
# Visual Studio Version 17
VisualStudioVersion = 17.11.35208.52
MinimumVisualStudioVersion = 10.0.40219.1
Project("{FAE04EC0-301F-11D3-BF4B-00C04F79EFBC}") = "Arrays de contadores", "Arrays de contadores\Arrays de contadores.csproj", "{F761C2D4-D6D6-4808-8C20-C4E76DD57F17}"
EndProject
Global
	GlobalSection(SolutionConfigurationPlatforms) = preSolution
		Debug|Any CPU = Debug|Any CPU
		Release|Any CPU = Release|Any CPU
	EndGlobalSection
	GlobalSection(ProjectConfigurationPlatforms) = postSolution
		{F761C2D4-D6D6-4808-8C20-C4E76DD57F17}.Debug|Any CPU.ActiveCfg = Debug|Any CPU
		{F761C2D4-D6D6-4808-8C20-C4E76DD57F17}.Debug|Any CPU.Build.0 = Debug|Any CPU
		{F761C2D4-D6D6-4808-8C20-C4E76DD57F17}.Release|Any CPU.ActiveCfg = Release|Any CPU
		{F761C2D4-D6D6-4808-8C20-C4E76DD57F17}.Release|Any CPU.Build.0 = Release|Any CPU
	EndGlobalSection
	GlobalSection(SolutionProperties) = preSolution
		HideSolutionNode = FALSE
	EndGlobalSection
	GlobalSection(ExtensibilityGlobals) = postSolution
		SolutionGuid = {9AE0A8B0-B2FD-42F3-A584-832821417DBE}
	EndGlobalSection
EndGlobal
